{
    "hash": "be656273ad9b0b25450e6426a8f973d2",
    "packages": [
        {
            "package": "pimple/pimple",
            "version": "dev-master",
            "alias-pretty-version": "1.0.x-dev",
            "alias-version": "1.0.9999999.9999999-dev"
        },
        {
            "package": "pimple/pimple",
            "version": "dev-master",
            "source-reference": "86cae5c9e85cd02f1703c774ddf12f2448a5938c",
            "commit-date": "1340285678"
        },
        {
            "package": "silex/silex",
            "version": "dev-master",
            "source-reference": "6f99eb8e850c8188980881172b703828290d54a1",
            "commit-date": "1340859767"
        },
        {
            "package": "symfony/config",
            "version": "dev-master",
            "source-reference": "v2.1.0-BETA1",
            "commit-date": "1340300540"
        },
        {
            "package": "symfony/event-dispatcher",
            "version": "dev-master",
            "alias-pretty-version": "2.1.x-dev",
            "alias-version": "2.1.9999999.9999999-dev"
        },
        {
            "package": "symfony/event-dispatcher",
            "version": "dev-master",
            "source-reference": "v2.1.0-BETA1",
            "commit-date": "1338018513"
        },
        {
            "package": "symfony/finder",
            "version": "dev-master",
            "alias-pretty-version": "2.1.x-dev",
            "alias-version": "2.1.9999999.9999999-dev"
        },
        {
            "package": "symfony/finder",
            "version": "dev-master",
            "source-reference": "v2.1.0-BETA1",
            "commit-date": "1340118982"
        },
        {
            "package": "symfony/form",
            "version": "dev-master",
            "source-reference": "v2.1.0-BETA1",
            "commit-date": "1340220813"
        },
        {
            "package": "symfony/http-foundation",
            "version": "dev-master",
            "alias-pretty-version": "2.1.x-dev",
            "alias-version": "2.1.9999999.9999999-dev"
        },
        {
            "package": "symfony/http-foundation",
            "version": "dev-master",
            "source-reference": "eede6abb9b49fa6632f9776c857c703d8d8268e0",
            "commit-date": "1340656150"
        },
        {
            "package": "symfony/http-kernel",
            "version": "dev-master",
            "alias-pretty-version": "2.1.x-dev",
            "alias-version": "2.1.9999999.9999999-dev"
        },
        {
            "package": "symfony/http-kernel",
            "version": "dev-master",
            "source-reference": "37338444a653dfd26e4c6c9abe535318de0957e6",
            "commit-date": "1340654694"
        },
        {
            "package": "symfony/locale",
            "version": "dev-master",
            "alias-pretty-version": "2.1.x-dev",
            "alias-version": "2.1.9999999.9999999-dev"
        },
        {
            "package": "symfony/locale",
            "version": "dev-master",
            "source-reference": "v2.1.0-BETA1",
            "commit-date": "1338433443"
        },
        {
            "package": "symfony/options-resolver",
            "version": "dev-master",
            "alias-pretty-version": "2.1.x-dev",
            "alias-version": "2.1.9999999.9999999-dev"
        },
        {
            "package": "symfony/options-resolver",
            "version": "dev-master",
            "source-reference": "915b39d1e0ad1c1f2526b93a16a10e5e504aefad",
            "commit-date": "1339503799"
        },
        {
            "package": "symfony/routing",
            "version": "dev-master",
            "alias-pretty-version": "2.1.x-dev",
            "alias-version": "2.1.9999999.9999999-dev"
        },
        {
            "package": "symfony/routing",
            "version": "dev-master",
            "source-reference": "ed1a7d9118dd1ee332b485f19b920a9e0077022a",
            "commit-date": "1340625003"
        },
        {
            "package": "symfony/translation",
            "version": "dev-master",
            "source-reference": "v2.1.0-BETA1",
            "commit-date": "1337632035"
        },
        {
            "package": "symfony/twig-bridge",
            "version": "dev-master",
            "source-reference": "v2.1.0-BETA1",
            "commit-date": "1339357889"
        },
        {
            "package": "symfony/validator",
            "version": "dev-master",
            "source-reference": "v2.1.0-BETA1",
            "commit-date": "1340185384"
        },
        {
            "package": "twig/twig",
            "version": "dev-master",
            "alias-pretty-version": "1.8.x-dev",
            "alias-version": "1.8.9999999.9999999-dev"
        },
        {
            "package": "twig/twig",
            "version": "dev-master",
            "source-reference": "73da773aaad0f97f2e967ec8241b8adf7b1e03d2",
            "commit-date": "1340890758"
        }
    ],
    "packages-dev": null,
    "aliases": [

    ],
    "minimum-stability": "dev",
    "stability-flags": {
        "symfony/form": 20,
        "symfony/validator": 20,
        "symfony/translation": 20,
        "symfony/config": 20,
        "symfony/locale": 20,
        "symfony/http-foundation": 20,
        "symfony/twig-bridge": 20,
        "twig/twig": 20,
        "silex/silex": 20,
        "fabpot/php-cs-fixer": 20
    }
}
